
Microsoft Visual Studio Solution File, Format Version 12.00
# Visual Studio 15
VisualStudioVersion = 15.0.27130.2010
MinimumVisualStudioVersion = 10.0.40219.1
Project("{FAE04EC0-301F-11D3-BF4B-00C04F79EFBC}") = "MasterDetail", "MasterDetail\MasterDetail.csproj", "{05EDB0F9-24B5-46C4-888B-DF3E57F810FE}"
EndProject
Global
	GlobalSection(SolutionConfigurationPlatforms) = preSolution
		Debug|Any CPU = Debug|Any CPU
		Release|Any CPU = Release|Any CPU
	EndGlobalSection
	GlobalSection(ProjectConfigurationPlatforms) = postSolution
		{05EDB0F9-24B5-46C4-888B-DF3E57F810FE}.Debug|Any CPU.ActiveCfg = Debug|Any CPU
		{05EDB0F9-24B5-46C4-888B-DF3E57F810FE}.Debug|Any CPU.Build.0 = Debug|Any CPU
		{05EDB0F9-24B5-46C4-888B-DF3E57F810FE}.Release|Any CPU.ActiveCfg = Release|Any CPU
		{05EDB0F9-24B5-46C4-888B-DF3E57F810FE}.Release|Any CPU.Build.0 = Release|Any CPU
	EndGlobalSection
	GlobalSection(SolutionProperties) = preSolution
		HideSolutionNode = FALSE
	EndGlobalSection
	GlobalSection(ExtensibilityGlobals) = postSolution
		SolutionGuid = {807BC1EE-05B7-4E84-8EB9-B432F2B4A1F7}
	EndGlobalSection
EndGlobal
